
Microsoft Visual Studio Solution File, Format Version 12.00
# Visual Studio 15
VisualStudioVersion = 15.0.28307.1800
MinimumVisualStudioVersion = 10.0.40219.1
Project("{8BC9CEB8-8B4A-11D0-8D11-00A0C91BC942}") = "CommonMath", "CommonMath\CommonMath.vcxproj", "{49A10F9F-4774-4AB7-A153-B3D054FE86AA}"
EndProject
Global
	GlobalSection(SolutionConfigurationPlatforms) = preSolution
		Debug|x64 = Debug|x64
		Debug|x86 = Debug|x86
		Release|x64 = Release|x64
		Release|x86 = Release|x86
	EndGlobalSection
	GlobalSection(ProjectConfigurationPlatforms) = postSolution
		{49A10F9F-4774-4AB7-A153-B3D054FE86AA}.Debug|x64.ActiveCfg = Debug|x64
		{49A10F9F-4774-4AB7-A153-B3D054FE86AA}.Debug|x64.Build.0 = Debug|x64
		{49A10F9F-4774-4AB7-A153-B3D054FE86AA}.Debug|x86.ActiveCfg = Debug|Win32
		{49A10F9F-4774-4AB7-A153-B3D054FE86AA}.Debug|x86.Build.0 = Debug|Win32
		{49A10F9F-4774-4AB7-A153-B3D054FE86AA}.Release|x64.ActiveCfg = Release|x64
		{49A10F9F-4774-4AB7-A153-B3D054FE86AA}.Release|x64.Build.0 = Release|x64
		{49A10F9F-4774-4AB7-A153-B3D054FE86AA}.Release|x86.ActiveCfg = Release|Win32
		{49A10F9F-4774-4AB7-A153-B3D054FE86AA}.Release|x86.Build.0 = Release|Win32
	EndGlobalSection
	GlobalSection(SolutionProperties) = preSolution
		HideSolutionNode = FALSE
	EndGlobalSection
	GlobalSection(ExtensibilityGlobals) = postSolution
		SolutionGuid = {7C5F898F-29AF-4E61-AC0A-10002A485429}
	EndGlobalSection
EndGlobal
